
Microsoft Visual Studio Solution File, Format Version 12.00
# Visual Studio 2012
Project("{FAE04EC0-301F-11D3-BF4B-00C04F79EFBC}") = "MVC4SampleWeb", "MVC4SampleWeb\MVC4SampleWeb.csproj", "{FE85381D-DAE2-493C-A7BB-982D38C05D62}"
EndProject
Global
	GlobalSection(SolutionConfigurationPlatforms) = preSolution
		Debug|Any CPU = Debug|Any CPU
		Release|Any CPU = Release|Any CPU
	EndGlobalSection
	GlobalSection(ProjectConfigurationPlatforms) = postSolution
		{FE85381D-DAE2-493C-A7BB-982D38C05D62}.Debug|Any CPU.ActiveCfg = Debug|Any CPU
		{FE85381D-DAE2-493C-A7BB-982D38C05D62}.Debug|Any CPU.Build.0 = Debug|Any CPU
		{FE85381D-DAE2-493C-A7BB-982D38C05D62}.Release|Any CPU.ActiveCfg = Release|Any CPU
		{FE85381D-DAE2-493C-A7BB-982D38C05D62}.Release|Any CPU.Build.0 = Release|Any CPU
	EndGlobalSection
	GlobalSection(SolutionProperties) = preSolution
		HideSolutionNode = FALSE
	EndGlobalSection
EndGlobal
